<?xml version="1.0" encoding="utf-8"?>
<Project ToolsVersion="4.0" xmlns="http://schemas.microsoft.com/developer/msbuild/2003">
  <ItemGroup>
    <Filter Include="ソース ファイル">
      <UniqueIdentifier>{4FC737F1-C7A5-4376-A066-2A32D752A2FF}</UniqueIdentifier>
      <Extensions>cpp;c;cc;cxx;def;odl;idl;hpj;bat;asm;asmx</Extensions>
    </Filter>
    <Filter Include="ヘッダー ファイル">
      <UniqueIdentifier>{93995380-89BD-4b04-88EB-625FBE52EBFB}</UniqueIdentifier>
      <Extensions>h;hpp;hxx;hm;inl;inc;xsd</Extensions>
    </Filter>
    <Filter Include="リソース ファイル">
      <UniqueIdentifier>{67DA6AB6-F800-4c08-8B7A-83BB121AAD01}</UniqueIdentifier>
      <Extensions>rc;ico;cur;bmp;dlg;rc2;rct;bin;rgs;gif;jpg;jpeg;jpe;resx;tiff;tif;png;wav;mfcribbon-ms</Extensions>
    </Filter>
    <Filter Include="ソース ファイル\FileConvertor">
      <UniqueIdentifier>{46b69ee0-2164-44d3-8cdb-123691129f4f}</UniqueIdentifier>
    </Filter>
    <Filter Include="ソース ファイル\Archive">
      <UniqueIdentifier>{baf50664-5017-4066-a5e4-ecc74b41f91e}</UniqueIdentifier>
    </Filter>
    <Filter Include="ヘッダー ファイル\Archive">
      <UniqueIdentifier>{094bcef7-aedc-42b4-868c-af3ba86a7715}</UniqueIdentifier>
    </Filter>
  </ItemGroup>
  <ItemGroup>
    <ClInclude Include="stdafx.h">
      <Filter>ヘッダー ファイル</Filter>
    </ClInclude>
    <ClInclude Include="dat_utility.h">
      <Filter>ヘッダー ファイル</Filter>
    </ClInclude>
    <ClInclude Include="main.h">
      <Filter>ヘッダー ファイル</Filter>
    </ClInclude>
    <ClInclude Include="msg.h">
      <Filter>ヘッダー ファイル</Filter>
    </ClInclude>
    <ClInclude Include="mt.h">
      <Filter>ヘッダー ファイル</Filter>
    </ClInclude>
    <ClInclude Include="png.h">
      <Filter>ヘッダー ファイル</Filter>
    </ClInclude>
    <ClInclude Include="th11.h">
      <Filter>ヘッダー ファイル</Filter>
    </ClInclude>
    <ClInclude Include="th11_utility.h">
      <Filter>ヘッダー ファイル</Filter>
    </ClInclude>
    <ClInclude Include="th12.h">
      <Filter>ヘッダー ファイル</Filter>
    </ClInclude>
    <ClInclude Include="th13.h">
      <Filter>ヘッダー ファイル</Filter>
    </ClInclude>
    <ClInclude Include="th075.h">
      <Filter>ヘッダー ファイル</Filter>
    </ClInclude>
    <ClInclude Include="th105.h">
      <Filter>ヘッダー ファイル</Filter>
    </ClInclude>
    <ClInclude Include="th125_utility.h">
      <Filter>ヘッダー ファイル</Filter>
    </ClInclude>
    <ClInclude Include="thmj.h">
      <Filter>ヘッダー ファイル</Filter>
    </ClInclude>
    <ClInclude Include="tnb.h">
      <Filter>ヘッダー ファイル</Filter>
    </ClInclude>
    <ClInclude Include="utility.h">
      <Filter>ヘッダー ファイル</Filter>
    </ClInclude>
    <ClInclude Include="npa.h">
      <Filter>ヘッダー ファイル</Filter>
    </ClInclude>
    <ClInclude Include="image_convertor_base.h">
      <Filter>ヘッダー ファイル</Filter>
    </ClInclude>
    <ClInclude Include="image_base.h">
      <Filter>ヘッダー ファイル</Filter>
    </ClInclude>
    <ClInclude Include="container_sink.h">
      <Filter>ヘッダー ファイル</Filter>
    </ClInclude>
    <ClInclude Include="th_base.h">
      <Filter>ヘッダー ファイル</Filter>
    </ClInclude>
    <ClInclude Include="nfa0_v21.h">
      <Filter>ヘッダー ファイル\Archive</Filter>
    </ClInclude>
    <ClInclude Include="th135_utility.h">
      <Filter>ヘッダー ファイル</Filter>
    </ClInclude>
    <ClInclude Include="th135.h">
      <Filter>ヘッダー ファイル</Filter>
    </ClInclude>
    <ClInclude Include="numeric_limits.h">
      <Filter>ヘッダー ファイル</Filter>
    </ClInclude>
    <ClInclude Include="DxArchive.h">
      <Filter>ヘッダー ファイル</Filter>
    </ClInclude>
    <ClInclude Include="th145pak.h">
      <Filter>ヘッダー ファイル</Filter>
    </ClInclude>
    <ClInclude Include="th145_file_list.h">
      <Filter>ヘッダー ファイル</Filter>
    </ClInclude>
    <ClInclude Include="th155_file_list.h">
      <Filter>ヘッダー ファイル</Filter>
    </ClInclude>
    <ClInclude Include="pattern.h">
      <Filter>ヘッダー ファイル</Filter>
    </ClInclude>
  </ItemGroup>
  <ItemGroup>
    <ClCompile Include="stdafx.cpp">
      <Filter>ソース ファイル</Filter>
    </ClCompile>
    <ClCompile Include="dat_utility.cpp">
      <Filter>ソース ファイル</Filter>
    </ClCompile>
    <ClCompile Include="main.cpp">
      <Filter>ソース ファイル</Filter>
    </ClCompile>
    <ClCompile Include="msg.cpp">
      <Filter>ソース ファイル</Filter>
    </ClCompile>
    <ClCompile Include="mt.cpp">
      <Filter>ソース ファイル</Filter>
    </ClCompile>
    <ClCompile Include="png.cpp">
      <Filter>ソース ファイル</Filter>
    </ClCompile>
    <ClCompile Include="th11.cpp">
      <Filter>ソース ファイル</Filter>
    </ClCompile>
    <ClCompile Include="th11_utility.cpp">
      <Filter>ソース ファイル</Filter>
    </ClCompile>
    <ClCompile Include="th12.cpp">
      <Filter>ソース ファイル</Filter>
    </ClCompile>
    <ClCompile Include="th13.cpp">
      <Filter>ソース ファイル</Filter>
    </ClCompile>
    <ClCompile Include="th075.cpp">
      <Filter>ソース ファイル</Filter>
    </ClCompile>
    <ClCompile Include="th105.cpp">
      <Filter>ソース ファイル</Filter>
    </ClCompile>
    <ClCompile Include="th125_utility.cpp">
      <Filter>ソース ファイル</Filter>
    </ClCompile>
    <ClCompile Include="thmj.cpp">
      <Filter>ソース ファイル</Filter>
    </ClCompile>
    <ClCompile Include="tnb.cpp">
      <Filter>ソース ファイル</Filter>
    </ClCompile>
    <ClCompile Include="utility.cpp">
      <Filter>ソース ファイル</Filter>
    </ClCompile>
    <ClCompile Include="npa.cpp">
      <Filter>ソース ファイル</Filter>
    </ClCompile>
    <ClCompile Include="tga.cpp">
      <Filter>ソース ファイル\FileConvertor</Filter>
    </ClCompile>
    <ClCompile Include="dds.cpp">
      <Filter>ソース ファイル\FileConvertor</Filter>
    </ClCompile>
    <ClCompile Include="nfa0_v1.cpp">
      <Filter>ソース ファイル\Archive</Filter>
    </ClCompile>
    <ClCompile Include="nfa0_v2.cpp">
      <Filter>ソース ファイル\Archive</Filter>
    </ClCompile>
    <ClCompile Include="npa_v1.cpp">
      <Filter>ソース ファイル\Archive</Filter>
    </ClCompile>
    <ClCompile Include="xp3.cpp">
      <Filter>ソース ファイル\Archive</Filter>
    </ClCompile>
    <ClCompile Include="th10.cpp">
      <Filter>ソース ファイル\Archive</Filter>
    </ClCompile>
    <ClCompile Include="msg_convertor.cpp">
      <Filter>ソース ファイル\FileConvertor</Filter>
    </ClCompile>
    <ClCompile Include="nfa0_v21.cpp">
      <Filter>ソース ファイル\Archive</Filter>
    </ClCompile>
    <ClCompile Include="wolf.cpp">
      <Filter>ソース ファイル\Archive</Filter>
    </ClCompile>
    <ClCompile Include="th14.cpp">
      <Filter>ソース ファイル\Archive</Filter>
    </ClCompile>
    <ClCompile Include="th11_anm.cpp">
      <Filter>ソース ファイル\Archive</Filter>
    </ClCompile>
    <ClCompile Include="th10_anm.cpp">
      <Filter>ソース ファイル\Archive</Filter>
    </ClCompile>
    <ClCompile Include="nfa0_v2x.cpp">
      <Filter>ソース ファイル\Archive</Filter>
    </ClCompile>
    <ClCompile Include="dx_archive_v4.cpp">
      <Filter>ソース ファイル\Archive</Filter>
    </ClCompile>
    <ClCompile Include="th135.cpp">
      <Filter>ソース ファイル\Archive</Filter>
    </ClCompile>
    <ClCompile Include="th135_dir_list.cpp">
      <Filter>ソース ファイル</Filter>
    </ClCompile>
    <ClCompile Include="th135_csv.cpp">
      <Filter>ソース ファイル\FileConvertor</Filter>
    </ClCompile>
    <ClCompile Include="th135_wav.cpp">
      <Filter>ソース ファイル\FileConvertor</Filter>
    </ClCompile>
    <ClCompile Include="th135_image.cpp">
      <Filter>ソース ファイル\FileConvertor</Filter>
    </ClCompile>
    <ClCompile Include="th135_palette.cpp">
      <Filter>ソース ファイル\FileConvertor</Filter>
    </ClCompile>
    <ClCompile Include="th135_utility.cpp">
      <Filter>ソース ファイル</Filter>
    </ClCompile>
    <ClCompile Include="..\cnut_converter\cnut.cpp">
      <Filter>ソース ファイル</Filter>
    </ClCompile>
    <ClCompile Include="cnut_converter.cpp">
      <Filter>ソース ファイル\FileConvertor</Filter>
    </ClCompile>
    <ClCompile Include="th135_act.cpp">
      <Filter>ソース ファイル\Archive</Filter>
    </ClCompile>
    <ClCompile Include="th145_dir_list.cpp">
      <Filter>ソース ファイル</Filter>
    </ClCompile>
    <ClCompile Include="th145_cm.cpp">
      <Filter>ソース ファイル\Archive</Filter>
    </ClCompile>
    <ClCompile Include="th145.cpp">
      <Filter>ソース ファイル\Archive</Filter>
    </ClCompile>
    <ClCompile Include="th145_file_list.cpp">
      <Filter>ソース ファイル</Filter>
    </ClCompile>
    <ClCompile Include="th145_trial.cpp">
      <Filter>ソース ファイル\Archive</Filter>
    </ClCompile>
    <ClCompile Include="steinsgate0.cpp">
      <Filter>ソース ファイル\Archive</Filter>
    </ClCompile>
    <ClCompile Include="dx_archive_v6.cpp">
      <Filter>ソース ファイル\Archive</Filter>
    </ClCompile>
    <ClCompile Include="DxArchive.cpp">
      <Filter>ソース ファイル</Filter>
    </ClCompile>
    <ClCompile Include="th145pak.cpp">
      <Filter>ソース ファイル</Filter>
    </ClCompile>
    <ClCompile Include="th155.cpp">
      <Filter>ソース ファイル\Archive</Filter>
    </ClCompile>
    <ClCompile Include="th155_file_list.cpp">
      <Filter>ソース ファイル</Filter>
    </ClCompile>
    <ClCompile Include="th155_eft.cpp">
      <Filter>ソース ファイル\FileConvertor</Filter>
    </ClCompile>
    <ClCompile Include="th155_nhtex.cpp">
      <Filter>ソース ファイル\FileConvertor</Filter>
    </ClCompile>
    <ClCompile Include="th155_msh.cpp">
      <Filter>ソース ファイル\FileConvertor</Filter>
    </ClCompile>
    <ClCompile Include="png_convertor.cpp">
      <Filter>ソース ファイル\FileConvertor</Filter>
    </ClCompile>
  </ItemGroup>
</Project>